
Microsoft Visual Studio Solution File, Format Version 12.00
# Visual Studio Version 16
VisualStudioVersion = 16.0.31424.327
MinimumVisualStudioVersion = 10.0.40219.1
Project("{FAE04EC0-301F-11D3-BF4B-00C04F79EFBC}") = "MVC9pmCoreBatch", "MVC9pmCoreBatch\MVC9pmCoreBatch.csproj", "{E5B73825-8B3B-449F-8661-B9D2E58D9938}"
EndProject
Project("{FAE04EC0-301F-11D3-BF4B-00C04F79EFBC}") = "ConvertConsoleToWebApp", "ConvertConsoleToWebApp\ConvertConsoleToWebApp.csproj", "{C896F01A-1DA9-487B-957D-C9F82F10023C}"
EndProject
Global
	GlobalSection(SolutionConfigurationPlatforms) = preSolution
		Debug|Any CPU = Debug|Any CPU
		Release|Any CPU = Release|Any CPU
	EndGlobalSection
	GlobalSection(ProjectConfigurationPlatforms) = postSolution
		{E5B73825-8B3B-449F-8661-B9D2E58D9938}.Debug|Any CPU.ActiveCfg = Debug|Any CPU
		{E5B73825-8B3B-449F-8661-B9D2E58D9938}.Debug|Any CPU.Build.0 = Debug|Any CPU
		{E5B73825-8B3B-449F-8661-B9D2E58D9938}.Release|Any CPU.ActiveCfg = Release|Any CPU
		{E5B73825-8B3B-449F-8661-B9D2E58D9938}.Release|Any CPU.Build.0 = Release|Any CPU
		{C896F01A-1DA9-487B-957D-C9F82F10023C}.Debug|Any CPU.ActiveCfg = Debug|Any CPU
		{C896F01A-1DA9-487B-957D-C9F82F10023C}.Debug|Any CPU.Build.0 = Debug|Any CPU
		{C896F01A-1DA9-487B-957D-C9F82F10023C}.Release|Any CPU.ActiveCfg = Release|Any CPU
		{C896F01A-1DA9-487B-957D-C9F82F10023C}.Release|Any CPU.Build.0 = Release|Any CPU
	EndGlobalSection
	GlobalSection(SolutionProperties) = preSolution
		HideSolutionNode = FALSE
	EndGlobalSection
	GlobalSection(ExtensibilityGlobals) = postSolution
		SolutionGuid = {6337E494-86DC-4780-B78B-218EA9E6EC62}
	EndGlobalSection
EndGlobal
